<?xml version="1.0" encoding="utf-8"?>
<Project ToolsVersion="4.0" xmlns="http://schemas.microsoft.com/developer/msbuild/2003">
  <ItemGroup>
    <Filter Include="Source Files">
      <UniqueIdentifier>{4FC737F1-C7A5-4376-A066-2A32D752A2FF}</UniqueIdentifier>
      <Extensions>cpp;c;cc;cxx;c++;cppm;ixx;def;odl;idl;hpj;bat;asm;asmx</Extensions>
    </Filter>
    <Filter Include="Header Files">
      <UniqueIdentifier>{93995380-89BD-4b04-88EB-625FBE52EBFB}</UniqueIdentifier>
      <Extensions>h;hh;hpp;hxx;h++;hm;inl;inc;ipp;xsd</Extensions>
    </Filter>
    <Filter Include="Resource Files">
      <UniqueIdentifier>{67DA6AB6-F800-4c08-8B7A-83BB121AAD01}</UniqueIdentifier>
      <Extensions>rc;ico;cur;bmp;dlg;rc2;rct;bin;rgs;gif;jpg;jpeg;jpe;resx;tiff;tif;png;wav;mfcribbon-ms</Extensions>
    </Filter>
    <Filter Include="Header Files\window">
      <UniqueIdentifier>{bf7aef48-097f-477b-b6ea-870604e66df2}</UniqueIdentifier>
    </Filter>
    <Filter Include="Header Files\window\details">
      <UniqueIdentifier>{7213bbd2-4596-4bea-82f6-5850b518a529}</UniqueIdentifier>
    </Filter>
  </ItemGroup>
  <ItemGroup>
    <ClCompile Include="quick_tests.cpp">
      <Filter>Source Files</Filter>
    </ClCompile>
  </ItemGroup>
  <ItemGroup>
    <ClInclude Include="include\utils\win32\window\details\DWM.h">
      <Filter>Header Files\window\details</Filter>
    </ClInclude>
    <ClInclude Include="include\utils\win32\window\window.h">
      <Filter>Header Files\window</Filter>
    </ClInclude>
    <ClInclude Include="include\utils\win32\window\regions.h">
      <Filter>Header Files\window</Filter>
    </ClInclude>
    <ClInclude Include="include\utils\win32\window\details\style.h">
      <Filter>Header Files\window\details</Filter>
    </ClInclude>
    <ClInclude Include="include\utils\win32\window\style.h">
      <Filter>Header Files\window</Filter>
    </ClInclude>
    <ClInclude Include="include\utils\win32\windows.h">
      <Filter>Header Files</Filter>
    </ClInclude>
    <ClInclude Include="include\utils\win32\error_to_exception.h">
      <Filter>Header Files</Filter>
    </ClInclude>
    <ClInclude Include="include\utils\win32\window\taskbar.h">
      <Filter>Header Files\window</Filter>
    </ClInclude>
    <ClInclude Include="include\utils\win32\window\input_system.h">
      <Filter>Header Files\window</Filter>
    </ClInclude>
  </ItemGroup>
</Project>